{
  "nodes": {
    "antigravity-nix": {
      "inputs": {
        "flake-utils": "flake-utils",
        "nixpkgs": "nixpkgs"
      },
      "locked": {
        "lastModified": 1781338301,
        "narHash": "sha256-EWF/fGmms7DceAvOCkUSnkHiyR83yDeUbcXbIoVCLLw=",
        "owner": "jacopone",
        "repo": "antigravity-nix",
        "rev": "bd2cd3d155a3efd4d85e76d18e1e99f90931bf52",
        "type": "github"
      },
      "original": {
        "owner": "jacopone",
        "repo": "antigravity-nix",
        "type": "github"
      }
    },
    "catppuccin": {
      "inputs": {
        "nixpkgs": "nixpkgs_2"
      },
      "locked": {
        "lastModified": 1781255309,
        "narHash": "sha256-n2P5xkAYGylrJ3feu7L6uaCUw/+jW8rk+HO127gDbFA=",
        "owner": "catppuccin",
        "repo": "nix",
        "rev": "036c78ea4cd8a42c8546c6316a944fd7d59d4341",
        "type": "github"
      },
      "original": {
        "owner": "catppuccin",
        "repo": "nix",
        "type": "github"
      }
    },
    "flake-utils": {
      "inputs": {
        "systems": "systems"
      },
      "locked": {
        "lastModified": 1731533236,
        "narHash": "sha256-l0KFg5HjrsfsO/JpG+r7fRrqm12kzFHyUHqHCVpMMbI=",
        "owner": "numtide",
        "repo": "flake-utils",
        "rev": "11707dc2f618dd54ca8739b309ec4fc024de578b",
        "type": "github"
      },
      "original": {
        "owner": "numtide",
        "repo": "flake-utils",
        "type": "github"
      }
    },
    "home-manager": {
      "inputs": {
        "nixpkgs": [
          "nixpkgs"
        ]
      },
      "locked": {
        "lastModified": 1781497404,
        "narHash": "sha256-9GAF8sSsnkyCVCWkomXR0T+zdSxyUlfPt6neQidimdg=",
        "owner": "nix-community",
        "repo": "home-manager",
        "rev": "1285cd3d6882a9847f2d56ed5541b3350c8a6162",
        "type": "github"
      },
      "original": {
        "owner": "nix-community",
        "repo": "home-manager",
        "type": "github"
      }
    },
    "nixpkgs": {
      "locked": {
        "lastModified": 1778869304,
        "narHash": "sha256-30sZNZoA1cqF5JNO9fVX+wgiQYjB7HJqqJ4ztCDeBZE=",
        "owner": "NixOS",
        "repo": "nixpkgs",
        "rev": "d233902339c02a9c334e7e593de68855ad26c4cb",
        "type": "github"
      },
      "original": {
        "owner": "NixOS",
        "ref": "nixos-unstable",
        "repo": "nixpkgs",
        "type": "github"
      }
    },
    "nixpkgs_2": {
      "locked": {
        "lastModified": 1781173989,
        "narHash": "sha256-zqS1Hjp9o14nN/YhXu/uqm36ot058fF9wmd7/H/hRKc=",
        "rev": "8c91a71d13451abc40eb9dae8910f972f979852f",
        "type": "tarball",
        "url": "https://releases.nixos.org/nixpkgs/nixpkgs-26.11pre1015022.8c91a71d1345/nixexprs.tar.xz"
      },
      "original": {
        "type": "tarball",
        "url": "https://channels.nixos.org/nixpkgs-unstable/nixexprs.tar.xz"
      }
    },
    "nixpkgs_3": {
      "locked": {
        "lastModified": 1781359544,
        "narHash": "sha256-iUuzKQcyXvopYDDzFpMK5eQKP3WIJExYny2kJtbgUcE=",
        "owner": "nixos",
        "repo": "nixpkgs",
        "rev": "9f11f828c213641c2369a9f1fa31fe31557e3156",
        "type": "github"
      },
      "original": {
        "owner": "nixos",
        "ref": "nixpkgs-unstable",
        "repo": "nixpkgs",
        "type": "github"
      }
    },
    "root": {
      "inputs": {
        "antigravity-nix": "antigravity-nix",
        "catppuccin": "catppuccin",
        "home-manager": "home-manager",
        "nixpkgs": "nixpkgs_3"
      }
    },
    "systems": {
      "locked": {
        "lastModified": 1681028828,
        "narHash": "sha256-Vy1rq5AaRuLzOxct8nz4T6wlgyUR7zLU309k9mBC768=",
        "owner": "nix-systems",
        "repo": "default",
        "rev": "da67096a3b9bf56a91d16901293e51ba5b49a27e",
        "type": "github"
      },
      "original": {
        "owner": "nix-systems",
        "repo": "default",
        "type": "github"
      }
    }
  },
  "root": "root",
  "version": 7
}
